
Microsoft Visual Studio Solution File, Format Version 12.00
# Visual Studio 14
VisualStudioVersion = 14.0.25420.1
MinimumVisualStudioVersion = 10.0.40219.1
Project("{FAE04EC0-301F-11D3-BF4B-00C04F79EFBC}") = "AceGrading", "AceGrading\AceGrading.csproj", "{C0E0E191-1589-41CC-A549-E4A8CF913ADC}"
EndProject
Global
	GlobalSection(SolutionConfigurationPlatforms) = preSolution
		Debug|Any CPU = Debug|Any CPU
		Release|Any CPU = Release|Any CPU
	EndGlobalSection
	GlobalSection(ProjectConfigurationPlatforms) = postSolution
		{C0E0E191-1589-41CC-A549-E4A8CF913ADC}.Debug|Any CPU.ActiveCfg = Debug|Any CPU
		{C0E0E191-1589-41CC-A549-E4A8CF913ADC}.Debug|Any CPU.Build.0 = Debug|Any CPU
		{C0E0E191-1589-41CC-A549-E4A8CF913ADC}.Release|Any CPU.ActiveCfg = Release|Any CPU
		{C0E0E191-1589-41CC-A549-E4A8CF913ADC}.Release|Any CPU.Build.0 = Release|Any CPU
	EndGlobalSection
	GlobalSection(SolutionProperties) = preSolution
		HideSolutionNode = FALSE
	EndGlobalSection
EndGlobal
